
Microsoft Visual Studio Solution File, Format Version 12.00
# Visual Studio Version 17
VisualStudioVersion = 17.9.34728.123
MinimumVisualStudioVersion = 10.0.40219.1
Project("{FAE04EC0-301F-11D3-BF4B-00C04F79EFBC}") = "GcproExtensionApp", "GcproExtensionApp\GcproExtensionApp.csproj", "{8DB3B22C-2A75-491F-89B0-359B12B4968F}"
EndProject
Project("{FAE04EC0-301F-11D3-BF4B-00C04F79EFBC}") = "GcproExtensionLibrary", "GcproExtensionLibary\GcproExtensionLibrary.csproj", "{12705553-FD01-4E57-8194-1A82A5244448}"
EndProject
Project("{2150E333-8FDC-42A3-9474-1A3956D46DE8}") = "Solution Items", "Solution Items", "{9F5BD966-6C8C-4A5C-9156-EFB0622E9E30}"
	ProjectSection(SolutionItems) = preProject
		.editorconfig = .editorconfig
	EndProjectSection
EndProject
Project("{FAE04EC0-301F-11D3-BF4B-00C04F79EFBC}") = "GcproExtensionLibraryTests", "GcproExtensionLibraryTests\GcproExtensionLibraryTests.csproj", "{4E7052BD-5B6E-4B25-A31D-7817F67FD62D}"
EndProject
Global
	GlobalSection(SolutionConfigurationPlatforms) = preSolution
		Debug|Any CPU = Debug|Any CPU
		Debug|arm64 = Debug|arm64
		Debug|x86 = Debug|x86
		Release|Any CPU = Release|Any CPU
		Release|arm64 = Release|arm64
		Release|x86 = Release|x86
	EndGlobalSection
	GlobalSection(ProjectConfigurationPlatforms) = postSolution
		{8DB3B22C-2A75-491F-89B0-359B12B4968F}.Debug|Any CPU.ActiveCfg = Debug|Any CPU
		{8DB3B22C-2A75-491F-89B0-359B12B4968F}.Debug|Any CPU.Build.0 = Debug|Any CPU
		{8DB3B22C-2A75-491F-89B0-359B12B4968F}.Debug|arm64.ActiveCfg = Debug|Any CPU
		{8DB3B22C-2A75-491F-89B0-359B12B4968F}.Debug|arm64.Build.0 = Debug|Any CPU
		{8DB3B22C-2A75-491F-89B0-359B12B4968F}.Debug|x86.ActiveCfg = Debug|Any CPU
		{8DB3B22C-2A75-491F-89B0-359B12B4968F}.Debug|x86.Build.0 = Debug|Any CPU
		{8DB3B22C-2A75-491F-89B0-359B12B4968F}.Release|Any CPU.ActiveCfg = Release|Any CPU
		{8DB3B22C-2A75-491F-89B0-359B12B4968F}.Release|Any CPU.Build.0 = Release|Any CPU
		{8DB3B22C-2A75-491F-89B0-359B12B4968F}.Release|arm64.ActiveCfg = Release|Any CPU
		{8DB3B22C-2A75-491F-89B0-359B12B4968F}.Release|arm64.Build.0 = Release|Any CPU
		{8DB3B22C-2A75-491F-89B0-359B12B4968F}.Release|x86.ActiveCfg = Release|Any CPU
		{8DB3B22C-2A75-491F-89B0-359B12B4968F}.Release|x86.Build.0 = Release|Any CPU
		{12705553-FD01-4E57-8194-1A82A5244448}.Debug|Any CPU.ActiveCfg = Debug|Any CPU
		{12705553-FD01-4E57-8194-1A82A5244448}.Debug|Any CPU.Build.0 = Debug|Any CPU
		{12705553-FD01-4E57-8194-1A82A5244448}.Debug|arm64.ActiveCfg = Debug|Any CPU
		{12705553-FD01-4E57-8194-1A82A5244448}.Debug|arm64.Build.0 = Debug|Any CPU
		{12705553-FD01-4E57-8194-1A82A5244448}.Debug|x86.ActiveCfg = Debug|Any CPU
		{12705553-FD01-4E57-8194-1A82A5244448}.Debug|x86.Build.0 = Debug|Any CPU
		{12705553-FD01-4E57-8194-1A82A5244448}.Release|Any CPU.ActiveCfg = Release|Any CPU
		{12705553-FD01-4E57-8194-1A82A5244448}.Release|Any CPU.Build.0 = Release|Any CPU
		{12705553-FD01-4E57-8194-1A82A5244448}.Release|arm64.ActiveCfg = Release|Any CPU
		{12705553-FD01-4E57-8194-1A82A5244448}.Release|arm64.Build.0 = Release|Any CPU
		{12705553-FD01-4E57-8194-1A82A5244448}.Release|x86.ActiveCfg = Release|Any CPU
		{12705553-FD01-4E57-8194-1A82A5244448}.Release|x86.Build.0 = Release|Any CPU
		{4E7052BD-5B6E-4B25-A31D-7817F67FD62D}.Debug|Any CPU.ActiveCfg = Debug|Any CPU
		{4E7052BD-5B6E-4B25-A31D-7817F67FD62D}.Debug|Any CPU.Build.0 = Debug|Any CPU
		{4E7052BD-5B6E-4B25-A31D-7817F67FD62D}.Debug|arm64.ActiveCfg = Debug|Any CPU
		{4E7052BD-5B6E-4B25-A31D-7817F67FD62D}.Debug|arm64.Build.0 = Debug|Any CPU
		{4E7052BD-5B6E-4B25-A31D-7817F67FD62D}.Debug|x86.ActiveCfg = Debug|Any CPU
		{4E7052BD-5B6E-4B25-A31D-7817F67FD62D}.Debug|x86.Build.0 = Debug|Any CPU
		{4E7052BD-5B6E-4B25-A31D-7817F67FD62D}.Release|Any CPU.ActiveCfg = Release|Any CPU
		{4E7052BD-5B6E-4B25-A31D-7817F67FD62D}.Release|Any CPU.Build.0 = Release|Any CPU
		{4E7052BD-5B6E-4B25-A31D-7817F67FD62D}.Release|arm64.ActiveCfg = Release|Any CPU
		{4E7052BD-5B6E-4B25-A31D-7817F67FD62D}.Release|arm64.Build.0 = Release|Any CPU
		{4E7052BD-5B6E-4B25-A31D-7817F67FD62D}.Release|x86.ActiveCfg = Release|Any CPU
		{4E7052BD-5B6E-4B25-A31D-7817F67FD62D}.Release|x86.Build.0 = Release|Any CPU
	EndGlobalSection
	GlobalSection(SolutionProperties) = preSolution
		HideSolutionNode = FALSE
	EndGlobalSection
	GlobalSection(ExtensibilityGlobals) = postSolution
		SolutionGuid = {CFF8F3EE-228D-42E0-B961-78E33B5423DF}
	EndGlobalSection
EndGlobal
